
Microsoft Visual Studio Solution File, Format Version 12.00
# Visual Studio Version 16
VisualStudioVersion = 16.0.30523.141
MinimumVisualStudioVersion = 10.0.40219.1
Project("{FAE04EC0-301F-11D3-BF4B-00C04F79EFBC}") = "App3Arreglos", "App3Arreglos\App3Arreglos.csproj", "{59E36A4D-ABA0-41B8-9647-561A9857F20A}"
EndProject
Global
	GlobalSection(SolutionConfigurationPlatforms) = preSolution
		Debug|Any CPU = Debug|Any CPU
		Release|Any CPU = Release|Any CPU
	EndGlobalSection
	GlobalSection(ProjectConfigurationPlatforms) = postSolution
		{59E36A4D-ABA0-41B8-9647-561A9857F20A}.Debug|Any CPU.ActiveCfg = Debug|Any CPU
		{59E36A4D-ABA0-41B8-9647-561A9857F20A}.Debug|Any CPU.Build.0 = Debug|Any CPU
		{59E36A4D-ABA0-41B8-9647-561A9857F20A}.Release|Any CPU.ActiveCfg = Release|Any CPU
		{59E36A4D-ABA0-41B8-9647-561A9857F20A}.Release|Any CPU.Build.0 = Release|Any CPU
	EndGlobalSection
	GlobalSection(SolutionProperties) = preSolution
		HideSolutionNode = FALSE
	EndGlobalSection
	GlobalSection(ExtensibilityGlobals) = postSolution
		SolutionGuid = {D8F09E7A-C095-4187-94E9-D80556A9EA0B}
	EndGlobalSection
EndGlobal
